// !$*UTF8*$!
{
	archiveVersion = 1;
	classes = {
	};
	objectVersion = 51;
	objects = {

/* Begin PBXBuildFile section */
		16DDF70BD6516D4BC2DC7FB5 /* Pods_CreateBtnTest.framework in Frameworks */ = {isa = PBXBuildFile; fileRef = B80C0959EB331F99BA3CDA5E /* Pods_CreateBtnTest.framework */; };
		39CA022825AD7CCC001E930A /* AppDelegate.swift in Sources */ = {isa = PBXBuildFile; fileRef = 39CA022725AD7CCC001E930A /* AppDelegate.swift */; };
		39CA022A25AD7CCC001E930A /* SceneDelegate.swift in Sources */ = {isa = PBXBuildFile; fileRef = 39CA022925AD7CCC001E930A /* SceneDelegate.swift */; };
		39CA022C25AD7CCC001E930A /* HomeViewController.swift in Sources */ = {isa = PBXBuildFile; fileRef = 39CA022B25AD7CCC001E930A /* HomeViewController.swift */; };
		39CA022F25AD7CCC001E930A /* Main.storyboard in Resources */ = {isa = PBXBuildFile; fileRef = 39CA022D25AD7CCC001E930A /* Main.storyboard */; };
		39CA023125AD7CCD001E930A /* Assets.xcassets in Resources */ = {isa = PBXBuildFile; fileRef = 39CA023025AD7CCD001E930A /* Assets.xcassets */; };
		39CA023425AD7CCD001E930A /* LaunchScreen.storyboard in Resources */ = {isa = PBXBuildFile; fileRef = 39CA023225AD7CCD001E930A /* LaunchScreen.storyboard */; };
		39CA023C25AD7F6F001E930A /* CreateViewController.swift in Sources */ = {isa = PBXBuildFile; fileRef = 39CA023B25AD7F6F001E930A /* CreateViewController.swift */; };
		39CA023F25AD9385001E930A /* ProjectViewController.swift in Sources */ = {isa = PBXBuildFile; fileRef = 39CA023E25AD9385001E930A /* ProjectViewController.swift */; };
		39CA024125ADB6CA001E930A /* SettingTimeViewController.swift in Sources */ = {isa = PBXBuildFile; fileRef = 39CA024025ADB6CA001E930A /* SettingTimeViewController.swift */; };
		39CA024325ADB6DC001E930A /* TimerViewController.swift in Sources */ = {isa = PBXBuildFile; fileRef = 39CA024225ADB6DC001E930A /* TimerViewController.swift */; };
		39E2CF2225AED78700BD3593 /* SignUpView.storyboard in Resources */ = {isa = PBXBuildFile; fileRef = 39E2CF2125AED78700BD3593 /* SignUpView.storyboard */; };
		39E2CF2725AEE8A300BD3593 /* SignUpViewController.swift in Sources */ = {isa = PBXBuildFile; fileRef = 39E2CF2625AEE8A300BD3593 /* SignUpViewController.swift */; };
		39E2CF2B25AEEF1700BD3593 /* UiColor.swift in Sources */ = {isa = PBXBuildFile; fileRef = 39E2CF2A25AEEF1700BD3593 /* UiColor.swift */; };
		39E2CF3025AF116800BD3593 /* ProjectModel.swift in Sources */ = {isa = PBXBuildFile; fileRef = 39E2CF2F25AF116800BD3593 /* ProjectModel.swift */; };
		39E2CF3225AF16D200BD3593 /* TimeModel.swift in Sources */ = {isa = PBXBuildFile; fileRef = 39E2CF3125AF16D200BD3593 /* TimeModel.swift */; };
		39E2CF3425B0A7E600BD3593 /* GoogleService-Info.plist in Resources */ = {isa = PBXBuildFile; fileRef = 39E2CF3325B0A7E600BD3593 /* GoogleService-Info.plist */; };
/* End PBXBuildFile section */

/* Begin PBXFileReference section */
		08BC11B0DDCF7E50233F1869 /* Pods-CreateBtnTest.release.xcconfig */ = {isa = PBXFileReference; includeInIndex = 1; lastKnownFileType = text.xcconfig; name = "Pods-CreateBtnTest.release.xcconfig"; path = "Target Support Files/Pods-CreateBtnTest/Pods-CreateBtnTest.release.xcconfig"; sourceTree = "<group>"; };
		39CA022425AD7CCC001E930A /* CreateBtnTest.app */ = {isa = PBXFileReference; explicitFileType = wrapper.application; includeInIndex = 0; path = CreateBtnTest.app; sourceTree = BUILT_PRODUCTS_DIR; };
		39CA022725AD7CCC001E930A /* AppDelegate.swift */ = {isa = PBXFileReference; lastKnownFileType = sourcecode.swift; path = AppDelegate.swift; sourceTree = "<group>"; };
		39CA022925AD7CCC001E930A /* SceneDelegate.swift */ = {isa = PBXFileReference; lastKnownFileType = sourcecode.swift; path = SceneDelegate.swift; sourceTree = "<group>"; };
		39CA022B25AD7CCC001E930A /* HomeViewController.swift */ = {isa = PBXFileReference; lastKnownFileType = sourcecode.swift; path = HomeViewController.swift; sourceTree = "<group>"; };
		39CA022E25AD7CCC001E930A /* Base */ = {isa = PBXFileReference; lastKnownFileType = file.storyboard; name = Base; path = Base.lproj/Main.storyboard; sourceTree = "<group>"; };
		39CA023025AD7CCD001E930A /* Assets.xcassets */ = {isa = PBXFileReference; lastKnownFileType = folder.assetcatalog; path = Assets.xcassets; sourceTree = "<group>"; };
		39CA023325AD7CCD001E930A /* Base */ = {isa = PBXFileReference; lastKnownFileType = file.storyboard; name = Base; path = Base.lproj/LaunchScreen.storyboard; sourceTree = "<group>"; };
		39CA023525AD7CCD001E930A /* Info.plist */ = {isa = PBXFileReference; lastKnownFileType = text.plist.xml; path = Info.plist; sourceTree = "<group>"; };
		39CA023B25AD7F6F001E930A /* CreateViewController.swift */ = {isa = PBXFileReference; lastKnownFileType = sourcecode.swift; path = CreateViewController.swift; sourceTree = "<group>"; };
		39CA023E25AD9385001E930A /* ProjectViewController.swift */ = {isa = PBXFileReference; lastKnownFileType = sourcecode.swift; path = ProjectViewController.swift; sourceTree = "<group>"; };
		39CA024025ADB6CA001E930A /* SettingTimeViewController.swift */ = {isa = PBXFileReference; lastKnownFileType = sourcecode.swift; path = SettingTimeViewController.swift; sourceTree = "<group>"; };
		39CA024225ADB6DC001E930A /* TimerViewController.swift */ = {isa = PBXFileReference; lastKnownFileType = sourcecode.swift; path = TimerViewController.swift; sourceTree = "<group>"; };
		39E2CF2125AED78700BD3593 /* SignUpView.storyboard */ = {isa = PBXFileReference; lastKnownFileType = file.storyboard; path = SignUpView.storyboard; sourceTree = "<group>"; };
		39E2CF2625AEE8A300BD3593 /* SignUpViewController.swift */ = {isa = PBXFileReference; lastKnownFileType = sourcecode.swift; path = SignUpViewController.swift; sourceTree = "<group>"; };
		39E2CF2A25AEEF1700BD3593 /* UiColor.swift */ = {isa = PBXFileReference; lastKnownFileType = sourcecode.swift; path = UiColor.swift; sourceTree = "<group>"; };
		39E2CF2F25AF116800BD3593 /* ProjectModel.swift */ = {isa = PBXFileReference; lastKnownFileType = sourcecode.swift; path = ProjectModel.swift; sourceTree = "<group>"; };
		39E2CF3125AF16D200BD3593 /* TimeModel.swift */ = {isa = PBXFileReference; lastKnownFileType = sourcecode.swift; path = TimeModel.swift; sourceTree = "<group>"; };
		39E2CF3325B0A7E600BD3593 /* GoogleService-Info.plist */ = {isa = PBXFileReference; fileEncoding = 4; lastKnownFileType = text.plist.xml; path = "GoogleService-Info.plist"; sourceTree = "<group>"; };
		B80C0959EB331F99BA3CDA5E /* Pods_CreateBtnTest.framework */ = {isa = PBXFileReference; explicitFileType = wrapper.framework; includeInIndex = 0; path = Pods_CreateBtnTest.framework; sourceTree = BUILT_PRODUCTS_DIR; };
		DD59628849EFF3F6C202FCF2 /* Pods-CreateBtnTest.debug.xcconfig */ = {isa = PBXFileReference; includeInIndex = 1; lastKnownFileType = text.xcconfig; name = "Pods-CreateBtnTest.debug.xcconfig"; path = "Target Support Files/Pods-CreateBtnTest/Pods-CreateBtnTest.debug.xcconfig"; sourceTree = "<group>"; };
/* End PBXFileReference section */

/* Begin PBXFrameworksBuildPhase section */
		39CA022125AD7CCC001E930A /* Frameworks */ = {
			isa = PBXFrameworksBuildPhase;
			buildActionMask = 2147483647;
			files = (
				16DDF70BD6516D4BC2DC7FB5 /* Pods_CreateBtnTest.framework in Frameworks */,
			);
			runOnlyForDeploymentPostprocessing = 0;
		};
/* End PBXFrameworksBuildPhase section */

/* Begin PBXGroup section */
		39CA021B25AD7CCC001E930A = {
			isa = PBXGroup;
			children = (
				39CA022625AD7CCC001E930A /* CreateBtnTest */,
				39CA022525AD7CCC001E930A /* Products */,
				9F12056DE7FCCF0369CC04BE /* Pods */,
				89A082135441865B18ABE9F0 /* Frameworks */,
			);
			sourceTree = "<group>";
		};
		39CA022525AD7CCC001E930A /* Products */ = {
			isa = PBXGroup;
			children = (
				39CA022425AD7CCC001E930A /* CreateBtnTest.app */,
			);
			name = Products;
			sourceTree = "<group>";
		};
		39CA022625AD7CCC001E930A /* CreateBtnTest */ = {
			isa = PBXGroup;
			children = (
				39CA022725AD7CCC001E930A /* AppDelegate.swift */,
				39CA022925AD7CCC001E930A /* SceneDelegate.swift */,
				39E2CF2E25AF115A00BD3593 /* Model */,
				39E2CF2925AEEEFB00BD3593 /* Extension */,
				39E2CF2525AEE88E00BD3593 /* SignUp */,
				39CA023D25AD7F73001E930A /* ViewControllers */,
				39E2CF2825AEE8BC00BD3593 /* StoryBoard */,
				39CA023025AD7CCD001E930A /* Assets.xcassets */,
				39CA023225AD7CCD001E930A /* LaunchScreen.storyboard */,
				39CA023525AD7CCD001E930A /* Info.plist */,
				39E2CF3325B0A7E600BD3593 /* GoogleService-Info.plist */,
			);
			path = CreateBtnTest;
			sourceTree = "<group>";
		};
		39CA023D25AD7F73001E930A /* ViewControllers */ = {
			isa = PBXGroup;
			children = (
				39CA022B25AD7CCC001E930A /* HomeViewController.swift */,
				39CA023B25AD7F6F001E930A /* CreateViewController.swift */,
				39CA023E25AD9385001E930A /* ProjectViewController.swift */,
				39CA024025ADB6CA001E930A /* SettingTimeViewController.swift */,
				39CA024225ADB6DC001E930A /* TimerViewController.swift */,
			);
			path = ViewControllers;
			sourceTree = "<group>";
		};
		39E2CF2525AEE88E00BD3593 /* SignUp */ = {
			isa = PBXGroup;
			children = (
				39E2CF2625AEE8A300BD3593 /* SignUpViewController.swift */,
			);
			path = SignUp;
			sourceTree = "<group>";
		};
		39E2CF2825AEE8BC00BD3593 /* StoryBoard */ = {
			isa = PBXGroup;
			children = (
				39CA022D25AD7CCC001E930A /* Main.storyboard */,
				39E2CF2125AED78700BD3593 /* SignUpView.storyboard */,
			);
			path = StoryBoard;
			sourceTree = "<group>";
		};
		39E2CF2925AEEEFB00BD3593 /* Extension */ = {
			isa = PBXGroup;
			children = (
				39E2CF2A25AEEF1700BD3593 /* UiColor.swift */,
			);
			path = Extension;
			sourceTree = "<group>";
		};
		39E2CF2E25AF115A00BD3593 /* Model */ = {
			isa = PBXGroup;
			children = (
				39E2CF2F25AF116800BD3593 /* ProjectModel.swift */,
				39E2CF3125AF16D200BD3593 /* TimeModel.swift */,
			);
			path = Model;
			sourceTree = "<group>";
		};
		89A082135441865B18ABE9F0 /* Frameworks */ = {
			isa = PBXGroup;
			children = (
				B80C0959EB331F99BA3CDA5E /* Pods_CreateBtnTest.framework */,
			);
			name = Frameworks;
			sourceTree = "<group>";
		};
		9F12056DE7FCCF0369CC04BE /* Pods */ = {
			isa = PBXGroup;
			children = (
				DD59628849EFF3F6C202FCF2 /* Pods-CreateBtnTest.debug.xcconfig */,
				08BC11B0DDCF7E50233F1869 /* Pods-CreateBtnTest.release.xcconfig */,
			);
			path = Pods;
			sourceTree = "<group>";
		};
/* End PBXGroup section */

/* Begin PBXNativeTarget section */
		39CA022325AD7CCC001E930A /* CreateBtnTest */ = {
			isa = PBXNativeTarget;
			buildConfigurationList = 39CA023825AD7CCD001E930A /* Build configuration list for PBXNativeTarget "CreateBtnTest" */;
			buildPhases = (
				938586FE91B9E7B9CD766D4E /* [CP] Check Pods Manifest.lock */,
				39CA022025AD7CCC001E930A /* Sources */,
				39CA022125AD7CCC001E930A /* Frameworks */,
				39CA022225AD7CCC001E930A /* Resources */,
				F19CA934DAB770B93927E622 /* [CP] Embed Pods Frameworks */,
			);
			buildRules = (
			);
			dependencies = (
			);
			name = CreateBtnTest;
			productName = CreateBtnTest;
			productReference = 39CA022425AD7CCC001E930A /* CreateBtnTest.app */;
			productType = "com.apple.product-type.application";
		};
/* End PBXNativeTarget section */

/* Begin PBXProject section */
		39CA021C25AD7CCC001E930A /* Project object */ = {
			isa = PBXProject;
			attributes = {
				LastSwiftUpdateCheck = 1160;
				LastUpgradeCheck = 1160;
				ORGANIZATIONNAME = sherlockian;
				TargetAttributes = {
					39CA022325AD7CCC001E930A = {
						CreatedOnToolsVersion = 11.6;
					};
				};
			};
			buildConfigurationList = 39CA021F25AD7CCC001E930A /* Build configuration list for PBXProject "CreateBtnTest" */;
			compatibilityVersion = "Xcode 9.3";
			developmentRegion = en;
			hasScannedForEncodings = 0;
			knownRegions = (
				en,
				Base,
			);
			mainGroup = 39CA021B25AD7CCC001E930A;
			productRefGroup = 39CA022525AD7CCC001E930A /* Products */;
			projectDirPath = "";
			projectRoot = "";
			targets = (
				39CA022325AD7CCC001E930A /* CreateBtnTest */,
			);
		};
/* End PBXProject section */

/* Begin PBXResourcesBuildPhase section */
		39CA022225AD7CCC001E930A /* Resources */ = {
			isa = PBXResourcesBuildPhase;
			buildActionMask = 2147483647;
			files = (
				39CA023425AD7CCD001E930A /* LaunchScreen.storyboard in Resources */,
				39E2CF2225AED78700BD3593 /* SignUpView.storyboard in Resources */,
				39E2CF3425B0A7E600BD3593 /* GoogleService-Info.plist in Resources */,
				39CA023125AD7CCD001E930A /* Assets.xcassets in Resources */,
				39CA022F25AD7CCC001E930A /* Main.storyboard in Resources */,
			);
			runOnlyForDeploymentPostprocessing = 0;
		};
/* End PBXResourcesBuildPhase section */

/* Begin PBXShellScriptBuildPhase section */
		938586FE91B9E7B9CD766D4E /* [CP] Check Pods Manifest.lock */ = {
			isa = PBXShellScriptBuildPhase;
			buildActionMask = 2147483647;
			files = (
			);
			inputFileListPaths = (
			);
			inputPaths = (
				"${PODS_PODFILE_DIR_PATH}/Podfile.lock",
				"${PODS_ROOT}/Manifest.lock",
			);
			name = "[CP] Check Pods Manifest.lock";
			outputFileListPaths = (
			);
			outputPaths = (
				"$(DERIVED_FILE_DIR)/Pods-CreateBtnTest-checkManifestLockResult.txt",
			);
			runOnlyForDeploymentPostprocessing = 0;
			shellPath = /bin/sh;
			shellScript = "diff \"${PODS_PODFILE_DIR_PATH}/Podfile.lock\" \"${PODS_ROOT}/Manifest.lock\" > /dev/null\nif [ $? != 0 ] ; then\n    # print error to STDERR\n    echo \"error: The sandbox is not in sync with the Podfile.lock. Run 'pod install' or update your CocoaPods installation.\" >&2\n    exit 1\nfi\n# This output is used by Xcode 'outputs' to avoid re-running this script phase.\necho \"SUCCESS\" > \"${SCRIPT_OUTPUT_FILE_0}\"\n";
			showEnvVarsInLog = 0;
		};
		F19CA934DAB770B93927E622 /* [CP] Embed Pods Frameworks */ = {
			isa = PBXShellScriptBuildPhase;
			buildActionMask = 2147483647;
			files = (
			);
			inputFileListPaths = (
				"${PODS_ROOT}/Target Support Files/Pods-CreateBtnTest/Pods-CreateBtnTest-frameworks-${CONFIGURATION}-input-files.xcfilelist",
			);
			name = "[CP] Embed Pods Frameworks";
			outputFileListPaths = (
				"${PODS_ROOT}/Target Support Files/Pods-CreateBtnTest/Pods-CreateBtnTest-frameworks-${CONFIGURATION}-output-files.xcfilelist",
			);
			runOnlyForDeploymentPostprocessing = 0;
			shellPath = /bin/sh;
			shellScript = "\"${PODS_ROOT}/Target Support Files/Pods-CreateBtnTest/Pods-CreateBtnTest-frameworks.sh\"\n";
			showEnvVarsInLog = 0;
		};
/* End PBXShellScriptBuildPhase section */

/* Begin PBXSourcesBuildPhase section */
		39CA022025AD7CCC001E930A /* Sources */ = {
			isa = PBXSourcesBuildPhase;
			buildActionMask = 2147483647;
			files = (
				39CA024125ADB6CA001E930A /* SettingTimeViewController.swift in Sources */,
				39CA023F25AD9385001E930A /* ProjectViewController.swift in Sources */,
				39E2CF2725AEE8A300BD3593 /* SignUpViewController.swift in Sources */,
				39CA023C25AD7F6F001E930A /* CreateViewController.swift in Sources */,
				39E2CF2B25AEEF1700BD3593 /* UiColor.swift in Sources */,
				39E2CF3025AF116800BD3593 /* ProjectModel.swift in Sources */,
				39CA024325ADB6DC001E930A /* TimerViewController.swift in Sources */,
				39CA022C25AD7CCC001E930A /* HomeViewController.swift in Sources */,
				39CA022825AD7CCC001E930A /* AppDelegate.swift in Sources */,
				39E2CF3225AF16D200BD3593 /* TimeModel.swift in Sources */,
				39CA022A25AD7CCC001E930A /* SceneDelegate.swift in Sources */,
			);
			runOnlyForDeploymentPostprocessing = 0;
		};
/* End PBXSourcesBuildPhase section */

/* Begin PBXVariantGroup section */
		39CA022D25AD7CCC001E930A /* Main.storyboard */ = {
			isa = PBXVariantGroup;
			children = (
				39CA022E25AD7CCC001E930A /* Base */,
			);
			name = Main.storyboard;
			sourceTree = "<group>";
		};
		39CA023225AD7CCD001E930A /* LaunchScreen.storyboard */ = {
			isa = PBXVariantGroup;
			children = (
				39CA023325AD7CCD001E930A /* Base */,
			);
			name = LaunchScreen.storyboard;
			sourceTree = "<group>";
		};
/* End PBXVariantGroup section */

/* Begin XCBuildConfiguration section */
		39CA023625AD7CCD001E930A /* Debug */ = {
			isa = XCBuildConfiguration;
			buildSettings = {
				ALWAYS_SEARCH_USER_PATHS = NO;
				CLANG_ANALYZER_NONNULL = YES;
				CLANG_ANALYZER_NUMBER_OBJECT_CONVERSION = YES_AGGRESSIVE;
				CLANG_CXX_LANGUAGE_STANDARD = "gnu++14";
				CLANG_CXX_LIBRARY = "libc++";
				CLANG_ENABLE_MODULES = YES;
				CLANG_ENABLE_OBJC_ARC = YES;
				CLANG_ENABLE_OBJC_WEAK = YES;
				CLANG_WARN_BLOCK_CAPTURE_AUTORELEASING = YES;
				CLANG_WARN_BOOL_CONVERSION = YES;
				CLANG_WARN_COMMA = YES;
				CLANG_WARN_CONSTANT_CONVERSION = YES;
				CLANG_WARN_DEPRECATED_OBJC_IMPLEMENTATIONS = YES;
				CLANG_WARN_DIRECT_OBJC_ISA_USAGE = YES_ERROR;
				CLANG_WARN_DOCUMENTATION_COMMENTS = YES;
				CLANG_WARN_EMPTY_BODY = YES;
				CLANG_WARN_ENUM_CONVERSION = YES;
				CLANG_WARN_INFINITE_RECURSION = YES;
				CLANG_WARN_INT_CONVERSION = YES;
				CLANG_WARN_NON_LITERAL_NULL_CONVERSION = YES;
				CLANG_WARN_OBJC_IMPLICIT_RETAIN_SELF = YES;
				CLANG_WARN_OBJC_LITERAL_CONVERSION = YES;
				CLANG_WARN_OBJC_ROOT_CLASS = YES_ERROR;
				CLANG_WARN_RANGE_LOOP_ANALYSIS = YES;
				CLANG_WARN_STRICT_PROTOTYPES = YES;
				CLANG_WARN_SUSPICIOUS_MOVE = YES;
				CLANG_WARN_UNGUARDED_AVAILABILITY = YES_AGGRESSIVE;
				CLANG_WARN_UNREACHABLE_CODE = YES;
				CLANG_WARN__DUPLICATE_METHOD_MATCH = YES;
				COPY_PHASE_STRIP = NO;
				DEBUG_INFORMATION_FORMAT = dwarf;
				ENABLE_STRICT_OBJC_MSGSEND = YES;
				ENABLE_TESTABILITY = YES;
				GCC_C_LANGUAGE_STANDARD = gnu11;
				GCC_DYNAMIC_NO_PIC = NO;
				GCC_NO_COMMON_BLOCKS = YES;
				GCC_OPTIMIZATION_LEVEL = 0;
				GCC_PREPROCESSOR_DEFINITIONS = (
					"DEBUG=1",
					"$(inherited)",
				);
				GCC_WARN_64_TO_32_BIT_CONVERSION = YES;
				GCC_WARN_ABOUT_RETURN_TYPE = YES_ERROR;
				GCC_WARN_UNDECLARED_SELECTOR = YES;
				GCC_WARN_UNINITIALIZED_AUTOS = YES_AGGRESSIVE;
				GCC_WARN_UNUSED_FUNCTION = YES;
				GCC_WARN_UNUSED_VARIABLE = YES;
				IPHONEOS_DEPLOYMENT_TARGET = 13.6;
				MTL_ENABLE_DEBUG_INFO = INCLUDE_SOURCE;
				MTL_FAST_MATH = YES;
				ONLY_ACTIVE_ARCH = YES;
				SDKROOT = iphoneos;
				SWIFT_ACTIVE_COMPILATION_CONDITIONS = DEBUG;
				SWIFT_OPTIMIZATION_LEVEL = "-Onone";
			};
			name = Debug;
		};
		39CA023725AD7CCD001E930A /* Release */ = {
			isa = XCBuildConfiguration;
			buildSettings = {
				ALWAYS_SEARCH_USER_PATHS = NO;
				CLANG_ANALYZER_NONNULL = YES;
				CLANG_ANALYZER_NUMBER_OBJECT_CONVERSION = YES_AGGRESSIVE;
				CLANG_CXX_LANGUAGE_STANDARD = "gnu++14";
				CLANG_CXX_LIBRARY = "libc++";
				CLANG_ENABLE_MODULES = YES;
				CLANG_ENABLE_OBJC_ARC = YES;
				CLANG_ENABLE_OBJC_WEAK = YES;
				CLANG_WARN_BLOCK_CAPTURE_AUTORELEASING = YES;
				CLANG_WARN_BOOL_CONVERSION = YES;
				CLANG_WARN_COMMA = YES;
				CLANG_WARN_CONSTANT_CONVERSION = YES;
				CLANG_WARN_DEPRECATED_OBJC_IMPLEMENTATIONS = YES;
				CLANG_WARN_DIRECT_OBJC_ISA_USAGE = YES_ERROR;
				CLANG_WARN_DOCUMENTATION_COMMENTS = YES;
				CLANG_WARN_EMPTY_BODY = YES;
				CLANG_WARN_ENUM_CONVERSION = YES;
				CLANG_WARN_INFINITE_RECURSION = YES;
				CLANG_WARN_INT_CONVERSION = YES;
				CLANG_WARN_NON_LITERAL_NULL_CONVERSION = YES;
				CLANG_WARN_OBJC_IMPLICIT_RETAIN_SELF = YES;
				CLANG_WARN_OBJC_LITERAL_CONVERSION = YES;
				CLANG_WARN_OBJC_ROOT_CLASS = YES_ERROR;
				CLANG_WARN_RANGE_LOOP_ANALYSIS = YES;
				CLANG_WARN_STRICT_PROTOTYPES = YES;
				CLANG_WARN_SUSPICIOUS_MOVE = YES;
				CLANG_WARN_UNGUARDED_AVAILABILITY = YES_AGGRESSIVE;
				CLANG_WARN_UNREACHABLE_CODE = YES;
				CLANG_WARN__DUPLICATE_METHOD_MATCH = YES;
				COPY_PHASE_STRIP = NO;
				DEBUG_INFORMATION_FORMAT = "dwarf-with-dsym";
				ENABLE_NS_ASSERTIONS = NO;
				ENABLE_STRICT_OBJC_MSGSEND = YES;
				GCC_C_LANGUAGE_STANDARD = gnu11;
				GCC_NO_COMMON_BLOCKS = YES;
				GCC_WARN_64_TO_32_BIT_CONVERSION = YES;
				GCC_WARN_ABOUT_RETURN_TYPE = YES_ERROR;
				GCC_WARN_UNDECLARED_SELECTOR = YES;
				GCC_WARN_UNINITIALIZED_AUTOS = YES_AGGRESSIVE;
				GCC_WARN_UNUSED_FUNCTION = YES;
				GCC_WARN_UNUSED_VARIABLE = YES;
				IPHONEOS_DEPLOYMENT_TARGET = 13.6;
				MTL_ENABLE_DEBUG_INFO = NO;
				MTL_FAST_MATH = YES;
				SDKROOT = iphoneos;
				SWIFT_COMPILATION_MODE = wholemodule;
				SWIFT_OPTIMIZATION_LEVEL = "-O";
				VALIDATE_PRODUCT = YES;
			};
			name = Release;
		};
		39CA023925AD7CCD001E930A /* Debug */ = {
			isa = XCBuildConfiguration;
			baseConfigurationReference = DD59628849EFF3F6C202FCF2 /* Pods-CreateBtnTest.debug.xcconfig */;
			buildSettings = {
				ASSETCATALOG_COMPILER_APPICON_NAME = AppIcon;
				CODE_SIGN_STYLE = Automatic;
				INFOPLIST_FILE = CreateBtnTest/Info.plist;
				LD_RUNPATH_SEARCH_PATHS = (
					"$(inherited)",
					"@executable_path/Frameworks",
				);
				PRODUCT_BUNDLE_IDENTIFIER = firebase.1022.CreateBtnTest;
				PRODUCT_NAME = "$(TARGET_NAME)";
				SWIFT_VERSION = 5.0;
				TARGETED_DEVICE_FAMILY = "1,2";
			};
			name = Debug;
		};
		39CA023A25AD7CCD001E930A /* Release */ = {
			isa = XCBuildConfiguration;
			baseConfigurationReference = 08BC11B0DDCF7E50233F1869 /* Pods-CreateBtnTest.release.xcconfig */;
			buildSettings = {
				ASSETCATALOG_COMPILER_APPICON_NAME = AppIcon;
				CODE_SIGN_STYLE = Automatic;
				INFOPLIST_FILE = CreateBtnTest/Info.plist;
				LD_RUNPATH_SEARCH_PATHS = (
					"$(inherited)",
					"@executable_path/Frameworks",
				);
				PRODUCT_BUNDLE_IDENTIFIER = firebase.1022.CreateBtnTest;
				PRODUCT_NAME = "$(TARGET_NAME)";
				SWIFT_VERSION = 5.0;
				TARGETED_DEVICE_FAMILY = "1,2";
			};
			name = Release;
		};
/* End XCBuildConfiguration section */

/* Begin XCConfigurationList section */
		39CA021F25AD7CCC001E930A /* Build configuration list for PBXProject "CreateBtnTest" */ = {
			isa = XCConfigurationList;
			buildConfigurations = (
				39CA023625AD7CCD001E930A /* Debug */,
				39CA023725AD7CCD001E930A /* Release */,
			);
			defaultConfigurationIsVisible = 0;
			defaultConfigurationName = Release;
		};
		39CA023825AD7CCD001E930A /* Build configuration list for PBXNativeTarget "CreateBtnTest" */ = {
			isa = XCConfigurationList;
			buildConfigurations = (
				39CA023925AD7CCD001E930A /* Debug */,
				39CA023A25AD7CCD001E930A /* Release */,
			);
			defaultConfigurationIsVisible = 0;
			defaultConfigurationName = Release;
		};
/* End XCConfigurationList section */
	};
	rootObject = 39CA021C25AD7CCC001E930A /* Project object */;
}
